
Microsoft Visual Studio Solution File, Format Version 12.00
# Visual Studio Version 17
VisualStudioVersion = 17.9.34701.34
MinimumVisualStudioVersion = 10.0.40219.1
Project("{FAE04EC0-301F-11D3-BF4B-00C04F79EFBC}") = "AIpaca_App", "AIpaca_App\AIpaca_App.csproj", "{09908016-9265-4E65-BCDA-BD48AB39D35E}"
EndProject
Global
	GlobalSection(SolutionConfigurationPlatforms) = preSolution
		Debug|Any CPU = Debug|Any CPU
		Release|Any CPU = Release|Any CPU
	EndGlobalSection
	GlobalSection(ProjectConfigurationPlatforms) = postSolution
		{09908016-9265-4E65-BCDA-BD48AB39D35E}.Debug|Any CPU.ActiveCfg = Debug|Any CPU
		{09908016-9265-4E65-BCDA-BD48AB39D35E}.Debug|Any CPU.Build.0 = Debug|Any CPU
		{09908016-9265-4E65-BCDA-BD48AB39D35E}.Debug|Any CPU.Deploy.0 = Debug|Any CPU
		{09908016-9265-4E65-BCDA-BD48AB39D35E}.Release|Any CPU.ActiveCfg = Release|Any CPU
		{09908016-9265-4E65-BCDA-BD48AB39D35E}.Release|Any CPU.Build.0 = Release|Any CPU
		{09908016-9265-4E65-BCDA-BD48AB39D35E}.Release|Any CPU.Deploy.0 = Release|Any CPU
	EndGlobalSection
	GlobalSection(SolutionProperties) = preSolution
		HideSolutionNode = FALSE
	EndGlobalSection
	GlobalSection(ExtensibilityGlobals) = postSolution
		SolutionGuid = {D4886410-B126-4933-BC30-49D2ACB2CEEE}
	EndGlobalSection
EndGlobal
